{
  "nodes": {
    "flake-compat": {
      "flake": false,
      "locked": {
        "lastModified": 1627557337,
        "narHash": "sha256-S/Aab7AcDS+MopcnkEWu0j3qOGLLaMw1E8VWWQOD+Q8=",
        "owner": "edolstra",
        "repo": "flake-compat",
        "rev": "c6f3b635321160c629b74fefc88c807b59a51646",
        "type": "github"
      },
      "original": {
        "id": "flake-compat",
        "type": "indirect"
      }
    },
    "hackage": {
      "flake": false,
      "locked": {
        "lastModified": 1627348315,
        "narHash": "sha256-Q9mxANCL8iboRLigWuLM4fBoeSCzoZ22Pw1SnasV8aU=",
        "owner": "input-output-hk",
        "repo": "hackage.nix",
        "rev": "d8e45c5ae00c01db79222249fd7128592c80d76d",
        "type": "github"
      },
      "original": {
        "id": "hackage",
        "type": "indirect"
      }
    },
    "haskell-nix": {
      "inputs": {
        "nixpkgs": "nixpkgs",
        "nixpkgs-2009": "nixpkgs-2009",
        "nixpkgs-2105": "nixpkgs-2105",
        "nixpkgs-unstable": "nixpkgs-unstable"
      },
      "locked": {
        "lastModified": 1625015634,
        "narHash": "sha256-bM9bdCCvOye16WFWgZ+0mzu7cKiqswx4rQCbfq3Co4g=",
        "owner": "input-output-hk",
        "repo": "haskell.nix",
        "rev": "81fb54dbfdd350b6ad8271973545f1b668975394",
        "type": "github"
      },
      "original": {
        "id": "haskell-nix",
        "type": "indirect"
      }
    },
    "nixpkgs": {
      "locked": {
        "lastModified": 1624291665,
        "narHash": "sha256-kNkaoa3dai9WOi7fsPklCCWZ8hRAkXx0ZUhpYKShyUk=",
        "owner": "NixOS",
        "repo": "nixpkgs",
        "rev": "3c6f3f84af60a8ed5b8a79cf3026b7630fcdefb8",
        "type": "github"
      },
      "original": {
        "owner": "NixOS",
        "repo": "nixpkgs",
        "rev": "3c6f3f84af60a8ed5b8a79cf3026b7630fcdefb8",
        "type": "github"
      }
    },
    "nixpkgs-2009": {
      "locked": {
        "lastModified": 1624271064,
        "narHash": "sha256-qns/uRW7MR2EfVf6VEeLgCsCp7pIOjDeR44JzTF09MA=",
        "owner": "NixOS",
        "repo": "nixpkgs",
        "rev": "46d1c3f28ca991601a53e9a14fdd53fcd3dd8416",
        "type": "github"
      },
      "original": {
        "owner": "NixOS",
        "repo": "nixpkgs",
        "rev": "46d1c3f28ca991601a53e9a14fdd53fcd3dd8416",
        "type": "github"
      }
    },
    "nixpkgs-2105": {
      "locked": {
        "lastModified": 1624291665,
        "narHash": "sha256-kNkaoa3dai9WOi7fsPklCCWZ8hRAkXx0ZUhpYKShyUk=",
        "owner": "NixOS",
        "repo": "nixpkgs",
        "rev": "3c6f3f84af60a8ed5b8a79cf3026b7630fcdefb8",
        "type": "github"
      },
      "original": {
        "owner": "NixOS",
        "repo": "nixpkgs",
        "rev": "3c6f3f84af60a8ed5b8a79cf3026b7630fcdefb8",
        "type": "github"
      }
    },
    "nixpkgs-unstable": {
      "locked": {
        "lastModified": 1623862044,
        "narHash": "sha256-mY7nldu9Wl/Yb0qMPihZrWw0bRWXNsk6iyYztw/6F6Y=",
        "owner": "NixOS",
        "repo": "nixpkgs",
        "rev": "0747387223edf1aa5beaedf48983471315d95e16",
        "type": "github"
      },
      "original": {
        "owner": "NixOS",
        "repo": "nixpkgs",
        "rev": "0747387223edf1aa5beaedf48983471315d95e16",
        "type": "github"
      }
    },
    "nixpkgs_2": {
      "locked": {
        "lastModified": 1622223326,
        "narHash": "sha256-kVb9eGqc+JLENFcctmPyQml1y0xZqvBnykT5niwy/js=",
        "owner": "serokell",
        "repo": "nixpkgs",
        "rev": "cf67659f17ba891def51bd718b2722a4065fcda3",
        "type": "github"
      },
      "original": {
        "id": "nixpkgs",
        "type": "indirect"
      }
    },
    "root": {
      "inputs": {
        "flake-compat": "flake-compat",
        "hackage": "hackage",
        "haskell-nix": "haskell-nix",
        "nixpkgs": "nixpkgs_2",
        "stackage": "stackage"
      }
    },
    "stackage": {
      "flake": false,
      "locked": {
        "lastModified": 1627261364,
        "narHash": "sha256-TeJonXKgV4DDYqeZ/IRls2nJNKGer7Ur8OIXJcZ8wWI=",
        "owner": "input-output-hk",
        "repo": "stackage.nix",
        "rev": "14d142057ccd35d4e39c765251c0ec52aab1dad0",
        "type": "github"
      },
      "original": {
        "id": "stackage",
        "type": "indirect"
      }
    }
  },
  "root": "root",
  "version": 7
}
